PODS:
  - Flurry-iOS-SDK/FlurrySDK (11.3.0)
  - flurry_data (0.0.1):
    - Flurry-iOS-SDK/FlurrySDK
    - Flutter
  - Flutter (1.0.0)

DEPENDENCIES:
  - flurry_data (from `.symlinks/plugins/flurry_data/ios`)
  - Flutter (from `Flutter`)

SPEC REPOS:
  trunk:
    - Flurry-iOS-SDK

EXTERNAL SOURCES:
  flurry_data:
    :path: ".symlinks/plugins/flurry_data/ios"
  Flutter:
    :path: Flutter

SPEC CHECKSUMS:
  Flurry-iOS-SDK: 494e340b623f1413711603dc0184f1fd4183e0d3
  flurry_data: 49b7066a283aa41f4306974c1f2d74c61231ad74
  Flutter: 50d75fe2f02b26cc09d224853bb45737f8b3214a

PODFILE CHECKSUM: e3b052c1bd4f07183f5dc3a84e853529242e52fb

COCOAPODS: 1.11.0.beta.2
